
Microsoft Visual Studio Solution File, Format Version 12.00
# Visual Studio Version 17
VisualStudioVersion = 17.12.35707.178 d17.12
MinimumVisualStudioVersion = 10.0.40219.1
Project("{FAE04EC0-301F-11D3-BF4B-00C04F79EFBC}") = "Calculator", "Calculator.csproj", "{768A9538-1765-490C-A53F-260A8A4B1FEA}"
EndProject
Project("{FAE04EC0-301F-11D3-BF4B-00C04F79EFBC}") = "Calculator.Tests", "..\Calculator.Tests\Calculator.Tests.csproj", "{62335BCD-C13F-482D-A33B-512997D05E55}"
EndProject
Global
	GlobalSection(SolutionConfigurationPlatforms) = preSolution
		Debug|Any CPU = Debug|Any CPU
		Release|Any CPU = Release|Any CPU
	EndGlobalSection
	GlobalSection(ProjectConfigurationPlatforms) = postSolution
		{768A9538-1765-490C-A53F-260A8A4B1FEA}.Debug|Any CPU.ActiveCfg = Debug|Any CPU
		{768A9538-1765-490C-A53F-260A8A4B1FEA}.Debug|Any CPU.Build.0 = Debug|Any CPU
		{768A9538-1765-490C-A53F-260A8A4B1FEA}.Release|Any CPU.ActiveCfg = Release|Any CPU
		{768A9538-1765-490C-A53F-260A8A4B1FEA}.Release|Any CPU.Build.0 = Release|Any CPU
		{62335BCD-C13F-482D-A33B-512997D05E55}.Debug|Any CPU.ActiveCfg = Debug|Any CPU
		{62335BCD-C13F-482D-A33B-512997D05E55}.Debug|Any CPU.Build.0 = Debug|Any CPU
		{62335BCD-C13F-482D-A33B-512997D05E55}.Release|Any CPU.ActiveCfg = Release|Any CPU
		{62335BCD-C13F-482D-A33B-512997D05E55}.Release|Any CPU.Build.0 = Release|Any CPU
	EndGlobalSection
	GlobalSection(SolutionProperties) = preSolution
		HideSolutionNode = FALSE
	EndGlobalSection
EndGlobal
